
Microsoft Visual Studio Solution File, Format Version 12.00
# Visual Studio 2015
Project("{FAE04EC0-301F-11D3-BF4B-00C04F79EFBC}") = "GitTestProject.CSharp.Plugins", "GitTestProject.CSharp.Plugins.csproj", "{8422FAE5-B3C9-DE2A-7D65-E607B5738221}"
EndProject
Project("{FAE04EC0-301F-11D3-BF4B-00C04F79EFBC}") = "GitTestProject.CSharp", "GitTestProject.CSharp.csproj", "{D3D2D571-9413-5135-33B2-4E9C65D45193}"
EndProject
Project("{FAE04EC0-301F-11D3-BF4B-00C04F79EFBC}") = "GitTestProject.CSharp.Editor", "GitTestProject.CSharp.Editor.csproj", "{3AA70753-3B67-D81C-C287-0BD8F4906A09}"
EndProject
Global
	GlobalSection(SolutionConfigurationPlatforms) = preSolution
		Debug|Any CPU = Debug|Any CPU
		Release|Any CPU = Release|Any CPU
	EndGlobalSection
	GlobalSection(ProjectConfigurationPlatforms) = postSolution
		{8422FAE5-B3C9-DE2A-7D65-E607B5738221}.Debug|Any CPU.ActiveCfg = Debug|Any CPU
		{8422FAE5-B3C9-DE2A-7D65-E607B5738221}.Debug|Any CPU.Build.0 = Debug|Any CPU
		{8422FAE5-B3C9-DE2A-7D65-E607B5738221}.Release|Any CPU.ActiveCfg = Release|Any CPU
		{8422FAE5-B3C9-DE2A-7D65-E607B5738221}.Release|Any CPU.Build.0 = Release|Any CPU
		{D3D2D571-9413-5135-33B2-4E9C65D45193}.Debug|Any CPU.ActiveCfg = Debug|Any CPU
		{D3D2D571-9413-5135-33B2-4E9C65D45193}.Debug|Any CPU.Build.0 = Debug|Any CPU
		{D3D2D571-9413-5135-33B2-4E9C65D45193}.Release|Any CPU.ActiveCfg = Release|Any CPU
		{D3D2D571-9413-5135-33B2-4E9C65D45193}.Release|Any CPU.Build.0 = Release|Any CPU
		{3AA70753-3B67-D81C-C287-0BD8F4906A09}.Debug|Any CPU.ActiveCfg = Debug|Any CPU
		{3AA70753-3B67-D81C-C287-0BD8F4906A09}.Debug|Any CPU.Build.0 = Debug|Any CPU
		{3AA70753-3B67-D81C-C287-0BD8F4906A09}.Release|Any CPU.ActiveCfg = Release|Any CPU
		{3AA70753-3B67-D81C-C287-0BD8F4906A09}.Release|Any CPU.Build.0 = Release|Any CPU
	EndGlobalSection
	GlobalSection(SolutionProperties) = preSolution
		HideSolutionNode = FALSE
	EndGlobalSection
EndGlobal
